
Microsoft Visual Studio Solution File, Format Version 12.00
# Visual Studio 15
VisualStudioVersion = 15.0.27703.2026
MinimumVisualStudioVersion = 10.0.40219.1
Project("{9A19103F-16F7-4668-BE54-9A1E7A4F7556}") = "consultest1", "consultest1\consultest1.csproj", "{D4A8A4B1-59BE-4ECD-8EC4-93D9E65ED679}"
EndProject
Project("{9A19103F-16F7-4668-BE54-9A1E7A4F7556}") = "MsgService", "MsgService\MsgService.csproj", "{04F0FD27-7ADF-4551-BE08-2B31C359FCD4}"
EndProject
Project("{FAE04EC0-301F-11D3-BF4B-00C04F79EFBC}") = "ServiceConsumer1", "ServiceConsumer1\ServiceConsumer1.csproj", "{885D6E3F-ED3F-4183-B30C-7E6182CAB15D}"
EndProject
Global
	GlobalSection(SolutionConfigurationPlatforms) = preSolution
		Debug|Any CPU = Debug|Any CPU
		Release|Any CPU = Release|Any CPU
	EndGlobalSection
	GlobalSection(ProjectConfigurationPlatforms) = postSolution
		{D4A8A4B1-59BE-4ECD-8EC4-93D9E65ED679}.Debug|Any CPU.ActiveCfg = Debug|Any CPU
		{D4A8A4B1-59BE-4ECD-8EC4-93D9E65ED679}.Debug|Any CPU.Build.0 = Debug|Any CPU
		{D4A8A4B1-59BE-4ECD-8EC4-93D9E65ED679}.Release|Any CPU.ActiveCfg = Release|Any CPU
		{D4A8A4B1-59BE-4ECD-8EC4-93D9E65ED679}.Release|Any CPU.Build.0 = Release|Any CPU
		{04F0FD27-7ADF-4551-BE08-2B31C359FCD4}.Debug|Any CPU.ActiveCfg = Debug|Any CPU
		{04F0FD27-7ADF-4551-BE08-2B31C359FCD4}.Debug|Any CPU.Build.0 = Debug|Any CPU
		{04F0FD27-7ADF-4551-BE08-2B31C359FCD4}.Release|Any CPU.ActiveCfg = Release|Any CPU
		{04F0FD27-7ADF-4551-BE08-2B31C359FCD4}.Release|Any CPU.Build.0 = Release|Any CPU
		{885D6E3F-ED3F-4183-B30C-7E6182CAB15D}.Debug|Any CPU.ActiveCfg = Debug|Any CPU
		{885D6E3F-ED3F-4183-B30C-7E6182CAB15D}.Debug|Any CPU.Build.0 = Debug|Any CPU
		{885D6E3F-ED3F-4183-B30C-7E6182CAB15D}.Release|Any CPU.ActiveCfg = Release|Any CPU
		{885D6E3F-ED3F-4183-B30C-7E6182CAB15D}.Release|Any CPU.Build.0 = Release|Any CPU
	EndGlobalSection
	GlobalSection(SolutionProperties) = preSolution
		HideSolutionNode = FALSE
	EndGlobalSection
	GlobalSection(ExtensibilityGlobals) = postSolution
		SolutionGuid = {CAF64E85-2D23-451C-AF23-957BFF96C8A2}
	EndGlobalSection
EndGlobal
